
Microsoft Visual Studio Solution File, Format Version 12.00
# Visual Studio Version 17
VisualStudioVersion = 17.2.32630.192
MinimumVisualStudioVersion = 10.0.40219.1
Project("{FAE04EC0-301F-11D3-BF4B-00C04F79EFBC}") = "DemoApp", "DemoApp\DemoApp.csproj", "{8933F5C9-113D-48B8-8690-7810708828B1}"
EndProject
Project("{FAE04EC0-301F-11D3-BF4B-00C04F79EFBC}") = "DataAccess", "DataAccess\DataAccess.csproj", "{F4EDB0B0-58EF-455F-8B1F-7F7D90E840E8}"
EndProject
Global
	GlobalSection(SolutionConfigurationPlatforms) = preSolution
		Debug|Any CPU = Debug|Any CPU
		Release|Any CPU = Release|Any CPU
	EndGlobalSection
	GlobalSection(ProjectConfigurationPlatforms) = postSolution
		{8933F5C9-113D-48B8-8690-7810708828B1}.Debug|Any CPU.ActiveCfg = Debug|Any CPU
		{8933F5C9-113D-48B8-8690-7810708828B1}.Debug|Any CPU.Build.0 = Debug|Any CPU
		{8933F5C9-113D-48B8-8690-7810708828B1}.Release|Any CPU.ActiveCfg = Release|Any CPU
		{8933F5C9-113D-48B8-8690-7810708828B1}.Release|Any CPU.Build.0 = Release|Any CPU
		{F4EDB0B0-58EF-455F-8B1F-7F7D90E840E8}.Debug|Any CPU.ActiveCfg = Debug|Any CPU
		{F4EDB0B0-58EF-455F-8B1F-7F7D90E840E8}.Debug|Any CPU.Build.0 = Debug|Any CPU
		{F4EDB0B0-58EF-455F-8B1F-7F7D90E840E8}.Release|Any CPU.ActiveCfg = Release|Any CPU
		{F4EDB0B0-58EF-455F-8B1F-7F7D90E840E8}.Release|Any CPU.Build.0 = Release|Any CPU
	EndGlobalSection
	GlobalSection(SolutionProperties) = preSolution
		HideSolutionNode = FALSE
	EndGlobalSection
	GlobalSection(ExtensibilityGlobals) = postSolution
		SolutionGuid = {16CEE868-56CE-4E75-AAB6-EF7041B5F099}
	EndGlobalSection
EndGlobal
